
Microsoft Visual Studio Solution File, Format Version 12.00
# Visual Studio 15
VisualStudioVersion = 15.0.27130.2010
MinimumVisualStudioVersion = 10.0.40219.1
Project("{8BC9CEB8-8B4A-11D0-8D11-00A0C91BC942}") = "Two_Sum", "Two_Sum\Two_Sum.vcxproj", "{54251C64-13B6-416A-AD0D-622387EB576B}"
EndProject
Project("{8BC9CEB8-8B4A-11D0-8D11-00A0C91BC942}") = "Add_Two_Numbers", "Add_Two_Numbers\Add_Two_Numbers.vcxproj", "{4A607567-6B3B-439D-BB70-4B656B970007}"
EndProject
Project("{8BC9CEB8-8B4A-11D0-8D11-00A0C91BC942}") = "LongestSubstringWithoutRepeatingCharacters", "LongestSubstringWithoutRepeatingCharacters\LongestSubstringWithoutRepeatingCharacters.vcxproj", "{01657565-B8BB-4BD8-99E9-B00A0A892C08}"
EndProject
Project("{8BC9CEB8-8B4A-11D0-8D11-00A0C91BC942}") = "MedianofTwoSortedArrays", "MedianofTwoSortedArrays\MedianofTwoSortedArrays.vcxproj", "{B68C20A1-CD14-4B1F-9C83-1794CF441D42}"
EndProject
Project("{8BC9CEB8-8B4A-11D0-8D11-00A0C91BC942}") = "007_ReverseInteger", "007_ReverseInteger\007_ReverseInteger.vcxproj", "{AA6B124C-1EF4-4214-87EE-8CC9F850E091}"
EndProject
Project("{8BC9CEB8-8B4A-11D0-8D11-00A0C91BC942}") = "009_PalindromeNumber", "009_PalindromeNumber\009_PalindromeNumber.vcxproj", "{6BCB6D00-0437-4DE3-8EE6-CCDDF55369BA}"
EndProject
Project("{8BC9CEB8-8B4A-11D0-8D11-00A0C91BC942}") = "014_LongestCommonPrefix", "014_LongestCommonPrefix\014_LongestCommonPrefix.vcxproj", "{539D4C6B-DB18-4BF6-901F-A9B0770DC7D1}"
EndProject
Project("{8BC9CEB8-8B4A-11D0-8D11-00A0C91BC942}") = "013_RomantoInteger", "013_RomantoInteger\013_RomantoInteger.vcxproj", "{FB3D1C65-02D0-4BA3-B140-82E14F71AA3A}"
EndProject
Project("{8BC9CEB8-8B4A-11D0-8D11-00A0C91BC942}") = "020_ValidParentheses", "020_ValidParentheses\020_ValidParentheses.vcxproj", "{62D46933-8680-43E9-AAD2-1539D54E96A9}"
EndProject
Project("{8BC9CEB8-8B4A-11D0-8D11-00A0C91BC942}") = "021_MergeTwoSortedLists", "021_MergeTwoSortedLists\021_MergeTwoSortedLists.vcxproj", "{D0710AC8-1785-45C3-9AB3-373A0DCB614E}"
EndProject
Project("{8BC9CEB8-8B4A-11D0-8D11-00A0C91BC942}") = "026_RemoveDuplicatesfromSortedArray", "026_RemoveDuplicatesfromSortedArray\026_RemoveDuplicatesfromSortedArray.vcxproj", "{8A9DA514-7E7A-4FA4-AA7A-5110712FDE43}"
EndProject
Global
	GlobalSection(SolutionConfigurationPlatforms) = preSolution
		Debug|x64 = Debug|x64
		Debug|x86 = Debug|x86
		Release|x64 = Release|x64
		Release|x86 = Release|x86
	EndGlobalSection
	GlobalSection(ProjectConfigurationPlatforms) = postSolution
		{54251C64-13B6-416A-AD0D-622387EB576B}.Debug|x64.ActiveCfg = Debug|x64
		{54251C64-13B6-416A-AD0D-622387EB576B}.Debug|x64.Build.0 = Debug|x64
		{54251C64-13B6-416A-AD0D-622387EB576B}.Debug|x86.ActiveCfg = Debug|Win32
		{54251C64-13B6-416A-AD0D-622387EB576B}.Debug|x86.Build.0 = Debug|Win32
		{54251C64-13B6-416A-AD0D-622387EB576B}.Release|x64.ActiveCfg = Release|x64
		{54251C64-13B6-416A-AD0D-622387EB576B}.Release|x64.Build.0 = Release|x64
		{54251C64-13B6-416A-AD0D-622387EB576B}.Release|x86.ActiveCfg = Release|Win32
		{54251C64-13B6-416A-AD0D-622387EB576B}.Release|x86.Build.0 = Release|Win32
		{4A607567-6B3B-439D-BB70-4B656B970007}.Debug|x64.ActiveCfg = Debug|x64
		{4A607567-6B3B-439D-BB70-4B656B970007}.Debug|x64.Build.0 = Debug|x64
		{4A607567-6B3B-439D-BB70-4B656B970007}.Debug|x86.ActiveCfg = Debug|Win32
		{4A607567-6B3B-439D-BB70-4B656B970007}.Debug|x86.Build.0 = Debug|Win32
		{4A607567-6B3B-439D-BB70-4B656B970007}.Release|x64.ActiveCfg = Release|x64
		{4A607567-6B3B-439D-BB70-4B656B970007}.Release|x64.Build.0 = Release|x64
		{4A607567-6B3B-439D-BB70-4B656B970007}.Release|x86.ActiveCfg = Release|Win32
		{4A607567-6B3B-439D-BB70-4B656B970007}.Release|x86.Build.0 = Release|Win32
		{01657565-B8BB-4BD8-99E9-B00A0A892C08}.Debug|x64.ActiveCfg = Debug|x64
		{01657565-B8BB-4BD8-99E9-B00A0A892C08}.Debug|x64.Build.0 = Debug|x64
		{01657565-B8BB-4BD8-99E9-B00A0A892C08}.Debug|x86.ActiveCfg = Debug|Win32
		{01657565-B8BB-4BD8-99E9-B00A0A892C08}.Debug|x86.Build.0 = Debug|Win32
		{01657565-B8BB-4BD8-99E9-B00A0A892C08}.Release|x64.ActiveCfg = Release|x64
		{01657565-B8BB-4BD8-99E9-B00A0A892C08}.Release|x64.Build.0 = Release|x64
		{01657565-B8BB-4BD8-99E9-B00A0A892C08}.Release|x86.ActiveCfg = Release|Win32
		{01657565-B8BB-4BD8-99E9-B00A0A892C08}.Release|x86.Build.0 = Release|Win32
		{B68C20A1-CD14-4B1F-9C83-1794CF441D42}.Debug|x64.ActiveCfg = Debug|x64
		{B68C20A1-CD14-4B1F-9C83-1794CF441D42}.Debug|x64.Build.0 = Debug|x64
		{B68C20A1-CD14-4B1F-9C83-1794CF441D42}.Debug|x86.ActiveCfg = Debug|Win32
		{B68C20A1-CD14-4B1F-9C83-1794CF441D42}.Debug|x86.Build.0 = Debug|Win32
		{B68C20A1-CD14-4B1F-9C83-1794CF441D42}.Release|x64.ActiveCfg = Release|x64
		{B68C20A1-CD14-4B1F-9C83-1794CF441D42}.Release|x64.Build.0 = Release|x64
		{B68C20A1-CD14-4B1F-9C83-1794CF441D42}.Release|x86.ActiveCfg = Release|Win32
		{B68C20A1-CD14-4B1F-9C83-1794CF441D42}.Release|x86.Build.0 = Release|Win32
		{AA6B124C-1EF4-4214-87EE-8CC9F850E091}.Debug|x64.ActiveCfg = Debug|x64
		{AA6B124C-1EF4-4214-87EE-8CC9F850E091}.Debug|x64.Build.0 = Debug|x64
		{AA6B124C-1EF4-4214-87EE-8CC9F850E091}.Debug|x86.ActiveCfg = Debug|Win32
		{AA6B124C-1EF4-4214-87EE-8CC9F850E091}.Debug|x86.Build.0 = Debug|Win32
		{AA6B124C-1EF4-4214-87EE-8CC9F850E091}.Release|x64.ActiveCfg = Release|x64
		{AA6B124C-1EF4-4214-87EE-8CC9F850E091}.Release|x64.Build.0 = Release|x64
		{AA6B124C-1EF4-4214-87EE-8CC9F850E091}.Release|x86.ActiveCfg = Release|Win32
		{AA6B124C-1EF4-4214-87EE-8CC9F850E091}.Release|x86.Build.0 = Release|Win32
		{6BCB6D00-0437-4DE3-8EE6-CCDDF55369BA}.Debug|x64.ActiveCfg = Debug|x64
		{6BCB6D00-0437-4DE3-8EE6-CCDDF55369BA}.Debug|x64.Build.0 = Debug|x64
		{6BCB6D00-0437-4DE3-8EE6-CCDDF55369BA}.Debug|x86.ActiveCfg = Debug|Win32
		{6BCB6D00-0437-4DE3-8EE6-CCDDF55369BA}.Debug|x86.Build.0 = Debug|Win32
		{6BCB6D00-0437-4DE3-8EE6-CCDDF55369BA}.Release|x64.ActiveCfg = Release|x64
		{6BCB6D00-0437-4DE3-8EE6-CCDDF55369BA}.Release|x64.Build.0 = Release|x64
		{6BCB6D00-0437-4DE3-8EE6-CCDDF55369BA}.Release|x86.ActiveCfg = Release|Win32
		{6BCB6D00-0437-4DE3-8EE6-CCDDF55369BA}.Release|x86.Build.0 = Release|Win32
		{539D4C6B-DB18-4BF6-901F-A9B0770DC7D1}.Debug|x64.ActiveCfg = Debug|x64
		{539D4C6B-DB18-4BF6-901F-A9B0770DC7D1}.Debug|x64.Build.0 = Debug|x64
		{539D4C6B-DB18-4BF6-901F-A9B0770DC7D1}.Debug|x86.ActiveCfg = Debug|Win32
		{539D4C6B-DB18-4BF6-901F-A9B0770DC7D1}.Debug|x86.Build.0 = Debug|Win32
		{539D4C6B-DB18-4BF6-901F-A9B0770DC7D1}.Release|x64.ActiveCfg = Release|x64
		{539D4C6B-DB18-4BF6-901F-A9B0770DC7D1}.Release|x64.Build.0 = Release|x64
		{539D4C6B-DB18-4BF6-901F-A9B0770DC7D1}.Release|x86.ActiveCfg = Release|Win32
		{539D4C6B-DB18-4BF6-901F-A9B0770DC7D1}.Release|x86.Build.0 = Release|Win32
		{FB3D1C65-02D0-4BA3-B140-82E14F71AA3A}.Debug|x64.ActiveCfg = Debug|x64
		{FB3D1C65-02D0-4BA3-B140-82E14F71AA3A}.Debug|x64.Build.0 = Debug|x64
		{FB3D1C65-02D0-4BA3-B140-82E14F71AA3A}.Debug|x86.ActiveCfg = Debug|Win32
		{FB3D1C65-02D0-4BA3-B140-82E14F71AA3A}.Debug|x86.Build.0 = Debug|Win32
		{FB3D1C65-02D0-4BA3-B140-82E14F71AA3A}.Release|x64.ActiveCfg = Release|x64
		{FB3D1C65-02D0-4BA3-B140-82E14F71AA3A}.Release|x64.Build.0 = Release|x64
		{FB3D1C65-02D0-4BA3-B140-82E14F71AA3A}.Release|x86.ActiveCfg = Release|Win32
		{FB3D1C65-02D0-4BA3-B140-82E14F71AA3A}.Release|x86.Build.0 = Release|Win32
		{62D46933-8680-43E9-AAD2-1539D54E96A9}.Debug|x64.ActiveCfg = Debug|x64
		{62D46933-8680-43E9-AAD2-1539D54E96A9}.Debug|x64.Build.0 = Debug|x64
		{62D46933-8680-43E9-AAD2-1539D54E96A9}.Debug|x86.ActiveCfg = Debug|Win32
		{62D46933-8680-43E9-AAD2-1539D54E96A9}.Debug|x86.Build.0 = Debug|Win32
		{62D46933-8680-43E9-AAD2-1539D54E96A9}.Release|x64.ActiveCfg = Release|x64
		{62D46933-8680-43E9-AAD2-1539D54E96A9}.Release|x64.Build.0 = Release|x64
		{62D46933-8680-43E9-AAD2-1539D54E96A9}.Release|x86.ActiveCfg = Release|Win32
		{62D46933-8680-43E9-AAD2-1539D54E96A9}.Release|x86.Build.0 = Release|Win32
		{D0710AC8-1785-45C3-9AB3-373A0DCB614E}.Debug|x64.ActiveCfg = Debug|x64
		{D0710AC8-1785-45C3-9AB3-373A0DCB614E}.Debug|x64.Build.0 = Debug|x64
		{D0710AC8-1785-45C3-9AB3-373A0DCB614E}.Debug|x86.ActiveCfg = Debug|Win32
		{D0710AC8-1785-45C3-9AB3-373A0DCB614E}.Debug|x86.Build.0 = Debug|Win32
		{D0710AC8-1785-45C3-9AB3-373A0DCB614E}.Release|x64.ActiveCfg = Release|x64
		{D0710AC8-1785-45C3-9AB3-373A0DCB614E}.Release|x64.Build.0 = Release|x64
		{D0710AC8-1785-45C3-9AB3-373A0DCB614E}.Release|x86.ActiveCfg = Release|Win32
		{D0710AC8-1785-45C3-9AB3-373A0DCB614E}.Release|x86.Build.0 = Release|Win32
		{8A9DA514-7E7A-4FA4-AA7A-5110712FDE43}.Debug|x64.ActiveCfg = Debug|x64
		{8A9DA514-7E7A-4FA4-AA7A-5110712FDE43}.Debug|x64.Build.0 = Debug|x64
		{8A9DA514-7E7A-4FA4-AA7A-5110712FDE43}.Debug|x86.ActiveCfg = Debug|Win32
		{8A9DA514-7E7A-4FA4-AA7A-5110712FDE43}.Debug|x86.Build.0 = Debug|Win32
		{8A9DA514-7E7A-4FA4-AA7A-5110712FDE43}.Release|x64.ActiveCfg = Release|x64
		{8A9DA514-7E7A-4FA4-AA7A-5110712FDE43}.Release|x64.Build.0 = Release|x64
		{8A9DA514-7E7A-4FA4-AA7A-5110712FDE43}.Release|x86.ActiveCfg = Release|Win32
		{8A9DA514-7E7A-4FA4-AA7A-5110712FDE43}.Release|x86.Build.0 = Release|Win32
	EndGlobalSection
	GlobalSection(SolutionProperties) = preSolution
		HideSolutionNode = FALSE
	EndGlobalSection
	GlobalSection(ExtensibilityGlobals) = postSolution
		SolutionGuid = {E41A7BA9-1967-4CB6-AC52-C75DCB285C14}
	EndGlobalSection
EndGlobal
